// !$*UTF8*$!
{
	archiveVersion = 1;
	classes = {
	};
	objectVersion = 46;
	objects = {

/* Begin PBXBuildFile section */
		BF5E2CE51B4774B9008C9DF6 /* main.swift in Sources */ = {isa = PBXBuildFile; fileRef = BF5E2CE41B4774B9008C9DF6 /* main.swift */; };
		BF9DBAA51B477E29005E640D /* recipe.swift in Sources */ = {isa = PBXBuildFile; fileRef = BF9DBAA41B477E28005E640D /* recipe.swift */; };
/* End PBXBuildFile section */

/* Begin PBXCopyFilesBuildPhase section */
		BF5E2CDF1B4774B9008C9DF6 /* CopyFiles */ = {
			isa = PBXCopyFilesBuildPhase;
			buildActionMask = 2147483647;
			dstPath = /usr/share/man/man1/;
			dstSubfolderSpec = 0;
			files = (
			);
			runOnlyForDeploymentPostprocessing = 1;
		};
/* End PBXCopyFilesBuildPhase section */

/* Begin PBXFileReference section */
		BF5E2CE11B4774B9008C9DF6 /* readable-code-tsukuba */ = {isa = PBXFileReference; explicitFileType = "compiled.mach-o.executable"; includeInIndex = 0; path = "readable-code-tsukuba"; sourceTree = BUILT_PRODUCTS_DIR; };
		BF5E2CE41B4774B9008C9DF6 /* main.swift */ = {isa = PBXFileReference; lastKnownFileType = sourcecode.swift; path = main.swift; sourceTree = "<group>"; };
		BF9DBAA31B477CA4005E640D /* recipe-data.txt */ = {isa = PBXFileReference; fileEncoding = 4; lastKnownFileType = text; path = "recipe-data.txt"; sourceTree = "<group>"; };
		BF9DBAA41B477E28005E640D /* recipe.swift */ = {isa = PBXFileReference; fileEncoding = 4; lastKnownFileType = sourcecode.swift; path = recipe.swift; sourceTree = "<group>"; };
/* End PBXFileReference section */

/* Begin PBXFrameworksBuildPhase section */
		BF5E2CDE1B4774B9008C9DF6 /* Frameworks */ = {
			isa = PBXFrameworksBuildPhase;
			buildActionMask = 2147483647;
			files = (
			);
			runOnlyForDeploymentPostprocessing = 0;
		};
/* End PBXFrameworksBuildPhase section */

/* Begin PBXGroup section */
		BF5E2CD81B4774B9008C9DF6 = {
			isa = PBXGroup;
			children = (
				BF5E2CE31B4774B9008C9DF6 /* readable-code-tsukuba */,
				BF5E2CE21B4774B9008C9DF6 /* Products */,
			);
			sourceTree = "<group>";
		};
		BF5E2CE21B4774B9008C9DF6 /* Products */ = {
			isa = PBXGroup;
			children = (
				BF5E2CE11B4774B9008C9DF6 /* readable-code-tsukuba */,
			);
			name = Products;
			sourceTree = "<group>";
		};
		BF5E2CE31B4774B9008C9DF6 /* readable-code-tsukuba */ = {
			isa = PBXGroup;
			children = (
				BF5E2CE41B4774B9008C9DF6 /* main.swift */,
				BF9DBAA41B477E28005E640D /* recipe.swift */,
				BF9DBAA31B477CA4005E640D /* recipe-data.txt */,
			);
			path = "readable-code-tsukuba";
			sourceTree = "<group>";
		};
/* End PBXGroup section */

/* Begin PBXNativeTarget section */
		BF5E2CE01B4774B9008C9DF6 /* readable-code-tsukuba */ = {
			isa = PBXNativeTarget;
			buildConfigurationList = BF5E2CE81B4774B9008C9DF6 /* Build configuration list for PBXNativeTarget "readable-code-tsukuba" */;
			buildPhases = (
				BF5E2CDD1B4774B9008C9DF6 /* Sources */,
				BF5E2CDE1B4774B9008C9DF6 /* Frameworks */,
				BF5E2CDF1B4774B9008C9DF6 /* CopyFiles */,
			);
			buildRules = (
			);
			dependencies = (
			);
			name = "readable-code-tsukuba";
			productName = "readable-code-tsukuba";
			productReference = BF5E2CE11B4774B9008C9DF6 /* readable-code-tsukuba */;
			productType = "com.apple.product-type.tool";
		};
/* End PBXNativeTarget section */

/* Begin PBXProject section */
		BF5E2CD91B4774B9008C9DF6 /* Project object */ = {
			isa = PBXProject;
			attributes = {
				LastUpgradeCheck = 0630;
				ORGANIZATIONNAME = "Yu Kadowaki";
				TargetAttributes = {
					BF5E2CE01B4774B9008C9DF6 = {
						CreatedOnToolsVersion = 6.3.2;
					};
				};
			};
			buildConfigurationList = BF5E2CDC1B4774B9008C9DF6 /* Build configuration list for PBXProject "readable-code-tsukuba" */;
			compatibilityVersion = "Xcode 3.2";
			developmentRegion = English;
			hasScannedForEncodings = 0;
			knownRegions = (
				en,
			);
			mainGroup = BF5E2CD81B4774B9008C9DF6;
			productRefGroup = BF5E2CE21B4774B9008C9DF6 /* Products */;
			projectDirPath = "";
			projectRoot = "";
			targets = (
				BF5E2CE01B4774B9008C9DF6 /* readable-code-tsukuba */,
			);
		};
/* End PBXProject section */

/* Begin PBXSourcesBuildPhase section */
		BF5E2CDD1B4774B9008C9DF6 /* Sources */ = {
			isa = PBXSourcesBuildPhase;
			buildActionMask = 2147483647;
			files = (
				BF5E2CE51B4774B9008C9DF6 /* main.swift in Sources */,
				BF9DBAA51B477E29005E640D /* recipe.swift in Sources */,
			);
			runOnlyForDeploymentPostprocessing = 0;
		};
/* End PBXSourcesBuildPhase section */

/* Begin XCBuildConfiguration section */
		BF5E2CE61B4774B9008C9DF6 /* Debug */ = {
			isa = XCBuildConfiguration;
			buildSettings = {
				ALWAYS_SEARCH_USER_PATHS = NO;
				CLANG_CXX_LANGUAGE_STANDARD = "gnu++0x";
				CLANG_CXX_LIBRARY = "libc++";
				CLANG_ENABLE_MODULES = YES;
				CLANG_ENABLE_OBJC_ARC = YES;
				CLANG_WARN_BOOL_CONVERSION = YES;
				CLANG_WARN_CONSTANT_CONVERSION = YES;
				CLANG_WARN_DIRECT_OBJC_ISA_USAGE = YES_ERROR;
				CLANG_WARN_EMPTY_BODY = YES;
				CLANG_WARN_ENUM_CONVERSION = YES;
				CLANG_WARN_INT_CONVERSION = YES;
				CLANG_WARN_OBJC_ROOT_CLASS = YES_ERROR;
				CLANG_WARN_UNREACHABLE_CODE = YES;
				CLANG_WARN__DUPLICATE_METHOD_MATCH = YES;
				COPY_PHASE_STRIP = NO;
				DEBUG_INFORMATION_FORMAT = dwarf;
				ENABLE_STRICT_OBJC_MSGSEND = YES;
				GCC_C_LANGUAGE_STANDARD = gnu99;
				GCC_DYNAMIC_NO_PIC = NO;
				GCC_NO_COMMON_BLOCKS = YES;
				GCC_OPTIMIZATION_LEVEL = 0;
				GCC_PREPROCESSOR_DEFINITIONS = (
					"DEBUG=1",
					"$(inherited)",
				);
				GCC_SYMBOLS_PRIVATE_EXTERN = NO;
				GCC_WARN_64_TO_32_BIT_CONVERSION = YES;
				GCC_WARN_ABOUT_RETURN_TYPE = YES_ERROR;
				GCC_WARN_UNDECLARED_SELECTOR = YES;
				GCC_WARN_UNINITIALIZED_AUTOS = YES_AGGRESSIVE;
				GCC_WARN_UNUSED_FUNCTION = YES;
				GCC_WARN_UNUSED_VARIABLE = YES;
				MACOSX_DEPLOYMENT_TARGET = 10.10;
				MTL_ENABLE_DEBUG_INFO = YES;
				ONLY_ACTIVE_ARCH = YES;
				SDKROOT = macosx;
				SWIFT_OPTIMIZATION_LEVEL = "-Onone";
			};
			name = Debug;
		};
		BF5E2CE71B4774B9008C9DF6 /* Release */ = {
			isa = XCBuildConfiguration;
			buildSettings = {
				ALWAYS_SEARCH_USER_PATHS = NO;
				CLANG_CXX_LANGUAGE_STANDARD = "gnu++0x";
				CLANG_CXX_LIBRARY = "libc++";
				CLANG_ENABLE_MODULES = YES;
				CLANG_ENABLE_OBJC_ARC = YES;
				CLANG_WARN_BOOL_CONVERSION = YES;
				CLANG_WARN_CONSTANT_CONVERSION = YES;
				CLANG_WARN_DIRECT_OBJC_ISA_USAGE = YES_ERROR;
				CLANG_WARN_EMPTY_BODY = YES;
				CLANG_WARN_ENUM_CONVERSION = YES;
				CLANG_WARN_INT_CONVERSION = YES;
				CLANG_WARN_OBJC_ROOT_CLASS = YES_ERROR;
				CLANG_WARN_UNREACHABLE_CODE = YES;
				CLANG_WARN__DUPLICATE_METHOD_MATCH = YES;
				COPY_PHASE_STRIP = NO;
				DEBUG_INFORMATION_FORMAT = "dwarf-with-dsym";
				ENABLE_NS_ASSERTIONS = NO;
				ENABLE_STRICT_OBJC_MSGSEND = YES;
				GCC_C_LANGUAGE_STANDARD = gnu99;
				GCC_NO_COMMON_BLOCKS = YES;
				GCC_WARN_64_TO_32_BIT_CONVERSION = YES;
				GCC_WARN_ABOUT_RETURN_TYPE = YES_ERROR;
				GCC_WARN_UNDECLARED_SELECTOR = YES;
				GCC_WARN_UNINITIALIZED_AUTOS = YES_AGGRESSIVE;
				GCC_WARN_UNUSED_FUNCTION = YES;
				GCC_WARN_UNUSED_VARIABLE = YES;
				MACOSX_DEPLOYMENT_TARGET = 10.10;
				MTL_ENABLE_DEBUG_INFO = NO;
				SDKROOT = macosx;
			};
			name = Release;
		};
		BF5E2CE91B4774B9008C9DF6 /* Debug */ = {
			isa = XCBuildConfiguration;
			buildSettings = {
				PRODUCT_NAME = "$(TARGET_NAME)";
			};
			name = Debug;
		};
		BF5E2CEA1B4774B9008C9DF6 /* Release */ = {
			isa = XCBuildConfiguration;
			buildSettings = {
				PRODUCT_NAME = "$(TARGET_NAME)";
			};
			name = Release;
		};
/* End XCBuildConfiguration section */

/* Begin XCConfigurationList section */
		BF5E2CDC1B4774B9008C9DF6 /* Build configuration list for PBXProject "readable-code-tsukuba" */ = {
			isa = XCConfigurationList;
			buildConfigurations = (
				BF5E2CE61B4774B9008C9DF6 /* Debug */,
				BF5E2CE71B4774B9008C9DF6 /* Release */,
			);
			defaultConfigurationIsVisible = 0;
			defaultConfigurationName = Release;
		};
		BF5E2CE81B4774B9008C9DF6 /* Build configuration list for PBXNativeTarget "readable-code-tsukuba" */ = {
			isa = XCConfigurationList;
			buildConfigurations = (
				BF5E2CE91B4774B9008C9DF6 /* Debug */,
				BF5E2CEA1B4774B9008C9DF6 /* Release */,
			);
			defaultConfigurationIsVisible = 0;
			defaultConfigurationName = Release;
		};
/* End XCConfigurationList section */
	};
	rootObject = BF5E2CD91B4774B9008C9DF6 /* Project object */;
}
